
Microsoft Visual Studio Solution File, Format Version 12.00
# Visual Studio 15
VisualStudioVersion = 15.0.26124.0
MinimumVisualStudioVersion = 15.0.26124.0
Project("{2150E333-8FDC-42A3-9474-1A3956D46DE8}") = "src", "src", "{A06D011E-1157-44F6-AA6C-5950B104D40E}"
EndProject
Project("{FAE04EC0-301F-11D3-BF4B-00C04F79EFBC}") = "GradeBook", "src\GradeBook\GradeBook.csproj", "{9919BAD4-BBF6-429E-A8E6-0DB29685D1B8}"
EndProject
Project("{2150E333-8FDC-42A3-9474-1A3956D46DE8}") = "test", "test", "{429A4F79-C10A-432F-885A-4B4AAAD875A6}"
EndProject
Project("{FAE04EC0-301F-11D3-BF4B-00C04F79EFBC}") = "GradeBook.Tests", "test\GradeBook.Tests\GradeBook.Tests.csproj", "{3F08BEBB-7268-4E4D-9B8F-1342AFD521CF}"
EndProject
Global
	GlobalSection(SolutionConfigurationPlatforms) = preSolution
		Debug|Any CPU = Debug|Any CPU
		Debug|x64 = Debug|x64
		Debug|x86 = Debug|x86
		Release|Any CPU = Release|Any CPU
		Release|x64 = Release|x64
		Release|x86 = Release|x86
	EndGlobalSection
	GlobalSection(SolutionProperties) = preSolution
		HideSolutionNode = FALSE
	EndGlobalSection
	GlobalSection(ProjectConfigurationPlatforms) = postSolution
		{9919BAD4-BBF6-429E-A8E6-0DB29685D1B8}.Debug|Any CPU.ActiveCfg = Debug|Any CPU
		{9919BAD4-BBF6-429E-A8E6-0DB29685D1B8}.Debug|Any CPU.Build.0 = Debug|Any CPU
		{9919BAD4-BBF6-429E-A8E6-0DB29685D1B8}.Debug|x64.ActiveCfg = Debug|Any CPU
		{9919BAD4-BBF6-429E-A8E6-0DB29685D1B8}.Debug|x64.Build.0 = Debug|Any CPU
		{9919BAD4-BBF6-429E-A8E6-0DB29685D1B8}.Debug|x86.ActiveCfg = Debug|Any CPU
		{9919BAD4-BBF6-429E-A8E6-0DB29685D1B8}.Debug|x86.Build.0 = Debug|Any CPU
		{9919BAD4-BBF6-429E-A8E6-0DB29685D1B8}.Release|Any CPU.ActiveCfg = Release|Any CPU
		{9919BAD4-BBF6-429E-A8E6-0DB29685D1B8}.Release|Any CPU.Build.0 = Release|Any CPU
		{9919BAD4-BBF6-429E-A8E6-0DB29685D1B8}.Release|x64.ActiveCfg = Release|Any CPU
		{9919BAD4-BBF6-429E-A8E6-0DB29685D1B8}.Release|x64.Build.0 = Release|Any CPU
		{9919BAD4-BBF6-429E-A8E6-0DB29685D1B8}.Release|x86.ActiveCfg = Release|Any CPU
		{9919BAD4-BBF6-429E-A8E6-0DB29685D1B8}.Release|x86.Build.0 = Release|Any CPU
		{3F08BEBB-7268-4E4D-9B8F-1342AFD521CF}.Debug|Any CPU.ActiveCfg = Debug|Any CPU
		{3F08BEBB-7268-4E4D-9B8F-1342AFD521CF}.Debug|Any CPU.Build.0 = Debug|Any CPU
		{3F08BEBB-7268-4E4D-9B8F-1342AFD521CF}.Debug|x64.ActiveCfg = Debug|Any CPU
		{3F08BEBB-7268-4E4D-9B8F-1342AFD521CF}.Debug|x64.Build.0 = Debug|Any CPU
		{3F08BEBB-7268-4E4D-9B8F-1342AFD521CF}.Debug|x86.ActiveCfg = Debug|Any CPU
		{3F08BEBB-7268-4E4D-9B8F-1342AFD521CF}.Debug|x86.Build.0 = Debug|Any CPU
		{3F08BEBB-7268-4E4D-9B8F-1342AFD521CF}.Release|Any CPU.ActiveCfg = Release|Any CPU
		{3F08BEBB-7268-4E4D-9B8F-1342AFD521CF}.Release|Any CPU.Build.0 = Release|Any CPU
		{3F08BEBB-7268-4E4D-9B8F-1342AFD521CF}.Release|x64.ActiveCfg = Release|Any CPU
		{3F08BEBB-7268-4E4D-9B8F-1342AFD521CF}.Release|x64.Build.0 = Release|Any CPU
		{3F08BEBB-7268-4E4D-9B8F-1342AFD521CF}.Release|x86.ActiveCfg = Release|Any CPU
		{3F08BEBB-7268-4E4D-9B8F-1342AFD521CF}.Release|x86.Build.0 = Release|Any CPU
	EndGlobalSection
	GlobalSection(NestedProjects) = preSolution
		{9919BAD4-BBF6-429E-A8E6-0DB29685D1B8} = {A06D011E-1157-44F6-AA6C-5950B104D40E}
		{3F08BEBB-7268-4E4D-9B8F-1342AFD521CF} = {429A4F79-C10A-432F-885A-4B4AAAD875A6}
	EndGlobalSection
EndGlobal
